// !$*UTF8*$!
{
	archiveVersion = 1;
	classes = {
	};
	objectVersion = 55;
	objects = {

/* Begin PBXAggregateTarget section */
		EE07CCED28C6F42C00B33CED /* Universal_GRIG_XCFramework */ = {
			isa = PBXAggregateTarget;
			buildConfigurationList = EE07CCEE28C6F42C00B33CED /* Build configuration list for PBXAggregateTarget "Universal_GRIG_XCFramework" */;
			buildPhases = (
				EE07CCF628C6F46600B33CED /* ShellScript */,
			);
			dependencies = (
			);
			name = Universal_GRIG_XCFramework;
			productName = Universal_GRIG_XCFramework;
		};
		EE07CCF128C6F44200B33CED /* Universal_GRIG_Framework */ = {
			isa = PBXAggregateTarget;
			buildConfigurationList = EE07CCF228C6F44200B33CED /* Build configuration list for PBXAggregateTarget "Universal_GRIG_Framework" */;
			buildPhases = (
				EE07CCF528C6F44700B33CED /* Run Script */,
			);
			dependencies = (
			);
			name = Universal_GRIG_Framework;
			productName = Universal_GRIG_Framework;
		};
/* End PBXAggregateTarget section */

/* Begin PBXBuildFile section */
		EE07CCDE28C6F41900B33CED /* GRIGSDK.framework in Frameworks */ = {isa = PBXBuildFile; fileRef = EE07CCD528C6F41900B33CED /* GRIGSDK.framework */; };
		EE07CCE328C6F41900B33CED /* GRIGSDKTests.swift in Sources */ = {isa = PBXBuildFile; fileRef = EE07CCE228C6F41900B33CED /* GRIGSDKTests.swift */; };
		EE07CCE428C6F41900B33CED /* GRIGSDK.h in Headers */ = {isa = PBXBuildFile; fileRef = EE07CCD828C6F41900B33CED /* GRIGSDK.h */; settings = {ATTRIBUTES = (Public, ); }; };
		EE07CD0028C6F70000B33CED /* Apollo in Frameworks */ = {isa = PBXBuildFile; productRef = EE07CCFF28C6F70000B33CED /* Apollo */; };
		EE07CD0228C6F70000B33CED /* ApolloAPI in Frameworks */ = {isa = PBXBuildFile; productRef = EE07CD0128C6F70000B33CED /* ApolloAPI */; };
		EE07CD0D28C7083900B33CED /* GRIGGeneration.graphql in Resources */ = {isa = PBXBuildFile; fileRef = EE07CD0C28C7083900B33CED /* GRIGGeneration.graphql */; };
		EE07CD1328C708F000B33CED /* TotalContribution.graphql in Resources */ = {isa = PBXBuildFile; fileRef = EE07CD1228C708F000B33CED /* TotalContribution.graphql */; };
		EE07CD3E28C72FB200B33CED /* GithubUser.graphql in Resources */ = {isa = PBXBuildFile; fileRef = EE07CD3D28C72FB200B33CED /* GithubUser.graphql */; };
		EE3E632328CCBE9800E13E55 /* Log.swift in Sources */ = {isa = PBXBuildFile; fileRef = EE3E632228CCBE9800E13E55 /* Log.swift */; };
		EE3E632628CCBF3D00E13E55 /* OSLogExt.swift in Sources */ = {isa = PBXBuildFile; fileRef = EE3E632528CCBF3D00E13E55 /* OSLogExt.swift */; };
		EE9466F628C9C3A5003254B7 /* Criteria.swift in Sources */ = {isa = PBXBuildFile; fileRef = EE9466F528C9C3A5003254B7 /* Criteria.swift */; };
		EECF160528C820AB00AE3493 /* GithubRemote.swift in Sources */ = {isa = PBXBuildFile; fileRef = EECF160428C820AB00AE3493 /* GithubRemote.swift */; };
		EECF160728C820C600AE3493 /* GRIGRemote.swift in Sources */ = {isa = PBXBuildFile; fileRef = EECF160628C820C600AE3493 /* GRIGRemote.swift */; };
		EECF160928C8210B00AE3493 /* NetworkInterceptorProvider.swift in Sources */ = {isa = PBXBuildFile; fileRef = EECF160828C8210B00AE3493 /* NetworkInterceptorProvider.swift */; };
		EED7AAD928C9B24600BDCF24 /* GRIGClient.swift in Sources */ = {isa = PBXBuildFile; fileRef = EED7AAD828C9B24600BDCF24 /* GRIGClient.swift */; };
		EEDC733528C79D5B00795D88 /* github.json in Resources */ = {isa = PBXBuildFile; fileRef = EEDC733328C79D5B00795D88 /* github.json */; };
		EEDC733628C79D5B00795D88 /* grig.json in Resources */ = {isa = PBXBuildFile; fileRef = EEDC733428C79D5B00795D88 /* grig.json */; };
		EEFDFF4F28C8AE9A0099F0A2 /* GRIGEntity.graphql in Resources */ = {isa = PBXBuildFile; fileRef = EEFDFF4E28C8AE9A0099F0A2 /* GRIGEntity.graphql */; };
		EEFDFF5528C8AEB40099F0A2 /* GithubUser.graphql.swift in Sources */ = {isa = PBXBuildFile; fileRef = EEFDFF5028C8AEB30099F0A2 /* GithubUser.graphql.swift */; };
		EEFDFF5628C8AEB40099F0A2 /* GRIGGeneration.graphql.swift in Sources */ = {isa = PBXBuildFile; fileRef = EEFDFF5128C8AEB30099F0A2 /* GRIGGeneration.graphql.swift */; };
		EEFDFF5728C8AEB40099F0A2 /* GRIGEntity.graphql.swift in Sources */ = {isa = PBXBuildFile; fileRef = EEFDFF5228C8AEB30099F0A2 /* GRIGEntity.graphql.swift */; };
		EEFDFF5828C8AEB40099F0A2 /* Types.graphql.swift in Sources */ = {isa = PBXBuildFile; fileRef = EEFDFF5328C8AEB30099F0A2 /* Types.graphql.swift */; };
		EEFDFF5928C8AEB40099F0A2 /* TotalContribution.graphql.swift in Sources */ = {isa = PBXBuildFile; fileRef = EEFDFF5428C8AEB40099F0A2 /* TotalContribution.graphql.swift */; };
/* End PBXBuildFile section */

/* Begin PBXContainerItemProxy section */
		EE07CCDF28C6F41900B33CED /* PBXContainerItemProxy */ = {
			isa = PBXContainerItemProxy;
			containerPortal = EE07CCCC28C6F41900B33CED /* Project object */;
			proxyType = 1;
			remoteGlobalIDString = EE07CCD428C6F41900B33CED;
			remoteInfo = GRIGSDK;
		};
/* End PBXContainerItemProxy section */

/* Begin PBXFileReference section */
		EE07CCD528C6F41900B33CED /* GRIGSDK.framework */ = {isa = PBXFileReference; explicitFileType = wrapper.framework; includeInIndex = 0; path = GRIGSDK.framework; sourceTree = BUILT_PRODUCTS_DIR; };
		EE07CCD828C6F41900B33CED /* GRIGSDK.h */ = {isa = PBXFileReference; lastKnownFileType = sourcecode.c.h; path = GRIGSDK.h; sourceTree = "<group>"; };
		EE07CCDD28C6F41900B33CED /* GRIGSDKTests.xctest */ = {isa = PBXFileReference; explicitFileType = wrapper.cfbundle; includeInIndex = 0; path = GRIGSDKTests.xctest; sourceTree = BUILT_PRODUCTS_DIR; };
		EE07CCE228C6F41900B33CED /* GRIGSDKTests.swift */ = {isa = PBXFileReference; lastKnownFileType = sourcecode.swift; path = GRIGSDKTests.swift; sourceTree = "<group>"; };
		EE07CD0C28C7083900B33CED /* GRIGGeneration.graphql */ = {isa = PBXFileReference; lastKnownFileType = text; path = GRIGGeneration.graphql; sourceTree = "<group>"; };
		EE07CD1228C708F000B33CED /* TotalContribution.graphql */ = {isa = PBXFileReference; lastKnownFileType = text; path = TotalContribution.graphql; sourceTree = "<group>"; };
		EE07CD3D28C72FB200B33CED /* GithubUser.graphql */ = {isa = PBXFileReference; lastKnownFileType = text; path = GithubUser.graphql; sourceTree = "<group>"; };
		EE3E632228CCBE9800E13E55 /* Log.swift */ = {isa = PBXFileReference; lastKnownFileType = sourcecode.swift; path = Log.swift; sourceTree = "<group>"; };
		EE3E632528CCBF3D00E13E55 /* OSLogExt.swift */ = {isa = PBXFileReference; lastKnownFileType = sourcecode.swift; path = OSLogExt.swift; sourceTree = "<group>"; };
		EE9466F528C9C3A5003254B7 /* Criteria.swift */ = {isa = PBXFileReference; lastKnownFileType = sourcecode.swift; path = Criteria.swift; sourceTree = "<group>"; };
		EECF160428C820AB00AE3493 /* GithubRemote.swift */ = {isa = PBXFileReference; lastKnownFileType = sourcecode.swift; path = GithubRemote.swift; sourceTree = "<group>"; };
		EECF160628C820C600AE3493 /* GRIGRemote.swift */ = {isa = PBXFileReference; lastKnownFileType = sourcecode.swift; path = GRIGRemote.swift; sourceTree = "<group>"; };
		EECF160828C8210B00AE3493 /* NetworkInterceptorProvider.swift */ = {isa = PBXFileReference; lastKnownFileType = sourcecode.swift; path = NetworkInterceptorProvider.swift; sourceTree = "<group>"; };
		EED7AAD828C9B24600BDCF24 /* GRIGClient.swift */ = {isa = PBXFileReference; lastKnownFileType = sourcecode.swift; path = GRIGClient.swift; sourceTree = "<group>"; };
		EEDC733328C79D5B00795D88 /* github.json */ = {isa = PBXFileReference; fileEncoding = 4; lastKnownFileType = text.json; path = github.json; sourceTree = "<group>"; };
		EEDC733428C79D5B00795D88 /* grig.json */ = {isa = PBXFileReference; fileEncoding = 4; lastKnownFileType = text.json; path = grig.json; sourceTree = "<group>"; };
		EEFDFF4E28C8AE9A0099F0A2 /* GRIGEntity.graphql */ = {isa = PBXFileReference; lastKnownFileType = text; path = GRIGEntity.graphql; sourceTree = "<group>"; };
		EEFDFF5028C8AEB30099F0A2 /* GithubUser.graphql.swift */ = {isa = PBXFileReference; fileEncoding = 4; lastKnownFileType = sourcecode.swift; path = GithubUser.graphql.swift; sourceTree = "<group>"; };
		EEFDFF5128C8AEB30099F0A2 /* GRIGGeneration.graphql.swift */ = {isa = PBXFileReference; fileEncoding = 4; lastKnownFileType = sourcecode.swift; path = GRIGGeneration.graphql.swift; sourceTree = "<group>"; };
		EEFDFF5228C8AEB30099F0A2 /* GRIGEntity.graphql.swift */ = {isa = PBXFileReference; fileEncoding = 4; lastKnownFileType = sourcecode.swift; path = GRIGEntity.graphql.swift; sourceTree = "<group>"; };
		EEFDFF5328C8AEB30099F0A2 /* Types.graphql.swift */ = {isa = PBXFileReference; fileEncoding = 4; lastKnownFileType = sourcecode.swift; path = Types.graphql.swift; sourceTree = "<group>"; };
		EEFDFF5428C8AEB40099F0A2 /* TotalContribution.graphql.swift */ = {isa = PBXFileReference; fileEncoding = 4; lastKnownFileType = sourcecode.swift; path = TotalContribution.graphql.swift; sourceTree = "<group>"; };
/* End PBXFileReference section */

/* Begin PBXFrameworksBuildPhase section */
		EE07CCD228C6F41900B33CED /* Frameworks */ = {
			isa = PBXFrameworksBuildPhase;
			buildActionMask = 2147483647;
			files = (
				EE07CD0228C6F70000B33CED /* ApolloAPI in Frameworks */,
				EE07CD0028C6F70000B33CED /* Apollo in Frameworks */,
			);
			runOnlyForDeploymentPostprocessing = 0;
		};
		EE07CCDA28C6F41900B33CED /* Frameworks */ = {
			isa = PBXFrameworksBuildPhase;
			buildActionMask = 2147483647;
			files = (
				EE07CCDE28C6F41900B33CED /* GRIGSDK.framework in Frameworks */,
			);
			runOnlyForDeploymentPostprocessing = 0;
		};
/* End PBXFrameworksBuildPhase section */

/* Begin PBXGroup section */
		EE07CCCB28C6F41900B33CED = {
			isa = PBXGroup;
			children = (
				EE07CCD728C6F41900B33CED /* GRIGSDK */,
				EE07CCE128C6F41900B33CED /* GRIGSDKTests */,
				EE07CCD628C6F41900B33CED /* Products */,
			);
			sourceTree = "<group>";
		};
		EE07CCD628C6F41900B33CED /* Products */ = {
			isa = PBXGroup;
			children = (
				EE07CCD528C6F41900B33CED /* GRIGSDK.framework */,
				EE07CCDD28C6F41900B33CED /* GRIGSDKTests.xctest */,
			);
			name = Products;
			sourceTree = "<group>";
		};
		EE07CCD728C6F41900B33CED /* GRIGSDK */ = {
			isa = PBXGroup;
			children = (
				EEDC733328C79D5B00795D88 /* github.json */,
				EEDC733428C79D5B00795D88 /* grig.json */,
				EE07CD0628C7026100B33CED /* Request */,
				EE07CD0528C7014300B33CED /* Extension */,
				EE07CD0428C7013900B33CED /* GRIG */,
				EE07CD0328C6F70600B33CED /* Model */,
				EE07CCD828C6F41900B33CED /* GRIGSDK.h */,
			);
			path = GRIGSDK;
			sourceTree = "<group>";
		};
		EE07CCE128C6F41900B33CED /* GRIGSDKTests */ = {
			isa = PBXGroup;
			children = (
				EE07CCE228C6F41900B33CED /* GRIGSDKTests.swift */,
			);
			path = GRIGSDKTests;
			sourceTree = "<group>";
		};
		EE07CD0328C6F70600B33CED /* Model */ = {
			isa = PBXGroup;
			children = (
				EE07CD4328C73EF400B33CED /* Sources */,
			);
			path = Model;
			sourceTree = "<group>";
		};
		EE07CD0428C7013900B33CED /* GRIG */ = {
			isa = PBXGroup;
			children = (
				EED7AAD828C9B24600BDCF24 /* GRIGClient.swift */,
			);
			path = GRIG;
			sourceTree = "<group>";
		};
		EE07CD0528C7014300B33CED /* Extension */ = {
			isa = PBXGroup;
			children = (
				EE3E632428CCBF3300E13E55 /* OSLog */,
			);
			path = Extension;
			sourceTree = "<group>";
		};
		EE07CD0628C7026100B33CED /* Request */ = {
			isa = PBXGroup;
			children = (
				EE9466F428C9C397003254B7 /* Enum */,
				EECF160328C8208B00AE3493 /* Remote */,
				EECF160128C81FC300AE3493 /* Entitiy */,
			);
			path = Request;
			sourceTree = "<group>";
		};
		EE07CD0A28C7081300B33CED /* GRIG */ = {
			isa = PBXGroup;
			children = (
				EE07CD0C28C7083900B33CED /* GRIGGeneration.graphql */,
				EEFDFF4E28C8AE9A0099F0A2 /* GRIGEntity.graphql */,
			);
			path = GRIG;
			sourceTree = "<group>";
		};
		EE07CD0B28C7082300B33CED /* Github */ = {
			isa = PBXGroup;
			children = (
				EE07CD1228C708F000B33CED /* TotalContribution.graphql */,
				EE07CD3D28C72FB200B33CED /* GithubUser.graphql */,
			);
			path = Github;
			sourceTree = "<group>";
		};
		EE07CD4328C73EF400B33CED /* Sources */ = {
			isa = PBXGroup;
			children = (
				EE07CD0B28C7082300B33CED /* Github */,
				EE07CD0A28C7081300B33CED /* GRIG */,
			);
			path = Sources;
			sourceTree = "<group>";
		};
		EE3E632428CCBF3300E13E55 /* OSLog */ = {
			isa = PBXGroup;
			children = (
				EE3E632228CCBE9800E13E55 /* Log.swift */,
				EE3E632528CCBF3D00E13E55 /* OSLogExt.swift */,
			);
			path = OSLog;
			sourceTree = "<group>";
		};
		EE9466F428C9C397003254B7 /* Enum */ = {
			isa = PBXGroup;
			children = (
				EE9466F528C9C3A5003254B7 /* Criteria.swift */,
			);
			path = Enum;
			sourceTree = "<group>";
		};
		EECF160128C81FC300AE3493 /* Entitiy */ = {
			isa = PBXGroup;
			children = (
				EEFDFF5028C8AEB30099F0A2 /* GithubUser.graphql.swift */,
				EEFDFF5228C8AEB30099F0A2 /* GRIGEntity.graphql.swift */,
				EEFDFF5128C8AEB30099F0A2 /* GRIGGeneration.graphql.swift */,
				EEFDFF5428C8AEB40099F0A2 /* TotalContribution.graphql.swift */,
				EEFDFF5328C8AEB30099F0A2 /* Types.graphql.swift */,
			);
			path = Entitiy;
			sourceTree = "<group>";
		};
		EECF160328C8208B00AE3493 /* Remote */ = {
			isa = PBXGroup;
			children = (
				EECF160428C820AB00AE3493 /* GithubRemote.swift */,
				EECF160628C820C600AE3493 /* GRIGRemote.swift */,
				EECF160828C8210B00AE3493 /* NetworkInterceptorProvider.swift */,
			);
			path = Remote;
			sourceTree = "<group>";
		};
/* End PBXGroup section */

/* Begin PBXHeadersBuildPhase section */
		EE07CCD028C6F41900B33CED /* Headers */ = {
			isa = PBXHeadersBuildPhase;
			buildActionMask = 2147483647;
			files = (
				EE07CCE428C6F41900B33CED /* GRIGSDK.h in Headers */,
			);
			runOnlyForDeploymentPostprocessing = 0;
		};
/* End PBXHeadersBuildPhase section */

/* Begin PBXNativeTarget section */
		EE07CCD428C6F41900B33CED /* GRIGSDK */ = {
			isa = PBXNativeTarget;
			buildConfigurationList = EE07CCE728C6F41900B33CED /* Build configuration list for PBXNativeTarget "GRIGSDK" */;
			buildPhases = (
				EE07CCD028C6F41900B33CED /* Headers */,
				EE07CD3828C70D4200B33CED /* Generate Apollo GraphQL API */,
				EE07CCD128C6F41900B33CED /* Sources */,
				EE07CCD228C6F41900B33CED /* Frameworks */,
				EE07CCD328C6F41900B33CED /* Resources */,
			);
			buildRules = (
			);
			dependencies = (
			);
			name = GRIGSDK;
			packageProductDependencies = (
				EE07CCFF28C6F70000B33CED /* Apollo */,
				EE07CD0128C6F70000B33CED /* ApolloAPI */,
			);
			productName = GRIGSDK;
			productReference = EE07CCD528C6F41900B33CED /* GRIGSDK.framework */;
			productType = "com.apple.product-type.framework";
		};
		EE07CCDC28C6F41900B33CED /* GRIGSDKTests */ = {
			isa = PBXNativeTarget;
			buildConfigurationList = EE07CCEA28C6F41900B33CED /* Build configuration list for PBXNativeTarget "GRIGSDKTests" */;
			buildPhases = (
				EE07CCD928C6F41900B33CED /* Sources */,
				EE07CCDA28C6F41900B33CED /* Frameworks */,
				EE07CCDB28C6F41900B33CED /* Resources */,
			);
			buildRules = (
			);
			dependencies = (
				EE07CCE028C6F41900B33CED /* PBXTargetDependency */,
			);
			name = GRIGSDKTests;
			productName = GRIGSDKTests;
			productReference = EE07CCDD28C6F41900B33CED /* GRIGSDKTests.xctest */;
			productType = "com.apple.product-type.bundle.unit-test";
		};
/* End PBXNativeTarget section */

/* Begin PBXProject section */
		EE07CCCC28C6F41900B33CED /* Project object */ = {
			isa = PBXProject;
			attributes = {
				BuildIndependentTargetsInParallel = 1;
				LastSwiftUpdateCheck = 1340;
				LastUpgradeCheck = 1340;
				TargetAttributes = {
					EE07CCD428C6F41900B33CED = {
						CreatedOnToolsVersion = 13.4.1;
						LastSwiftMigration = 1340;
					};
					EE07CCDC28C6F41900B33CED = {
						CreatedOnToolsVersion = 13.4.1;
					};
					EE07CCED28C6F42C00B33CED = {
						CreatedOnToolsVersion = 13.4.1;
					};
					EE07CCF128C6F44200B33CED = {
						CreatedOnToolsVersion = 13.4.1;
					};
				};
			};
			buildConfigurationList = EE07CCCF28C6F41900B33CED /* Build configuration list for PBXProject "GRIGSDK" */;
			compatibilityVersion = "Xcode 13.0";
			developmentRegion = en;
			hasScannedForEncodings = 0;
			knownRegions = (
				en,
				Base,
			);
			mainGroup = EE07CCCB28C6F41900B33CED;
			packageReferences = (
				EE07CCFE28C6F70000B33CED /* XCRemoteSwiftPackageReference "apollo-ios" */,
			);
			productRefGroup = EE07CCD628C6F41900B33CED /* Products */;
			projectDirPath = "";
			projectRoot = "";
			targets = (
				EE07CCD428C6F41900B33CED /* GRIGSDK */,
				EE07CCDC28C6F41900B33CED /* GRIGSDKTests */,
				EE07CCED28C6F42C00B33CED /* Universal_GRIG_XCFramework */,
				EE07CCF128C6F44200B33CED /* Universal_GRIG_Framework */,
			);
		};
/* End PBXProject section */

/* Begin PBXResourcesBuildPhase section */
		EE07CCD328C6F41900B33CED /* Resources */ = {
			isa = PBXResourcesBuildPhase;
			buildActionMask = 2147483647;
			files = (
				EEDC733628C79D5B00795D88 /* grig.json in Resources */,
				EEDC733528C79D5B00795D88 /* github.json in Resources */,
				EEFDFF4F28C8AE9A0099F0A2 /* GRIGEntity.graphql in Resources */,
				EE07CD0D28C7083900B33CED /* GRIGGeneration.graphql in Resources */,
				EE07CD3E28C72FB200B33CED /* GithubUser.graphql in Resources */,
				EE07CD1328C708F000B33CED /* TotalContribution.graphql in Resources */,
			);
			runOnlyForDeploymentPostprocessing = 0;
		};
		EE07CCDB28C6F41900B33CED /* Resources */ = {
			isa = PBXResourcesBuildPhase;
			buildActionMask = 2147483647;
			files = (
			);
			runOnlyForDeploymentPostprocessing = 0;
		};
/* End PBXResourcesBuildPhase section */

/* Begin PBXShellScriptBuildPhase section */
		EE07CCF528C6F44700B33CED /* Run Script */ = {
			isa = PBXShellScriptBuildPhase;
			buildActionMask = 2147483647;
			files = (
			);
			inputFileListPaths = (
			);
			inputPaths = (
			);
			name = "Run Script";
			outputFileListPaths = (
			);
			outputPaths = (
			);
			runOnlyForDeploymentPostprocessing = 0;
			shellPath = /bin/sh;
			shellScript = "UNIVERSAL_OUTPUTFOLDER=${BUILD_DIR}/${CONFIGURATION}-Universal\n  \n# Make sure the output directory exists\nmkdir -p \"${UNIVERSAL_OUTPUTFOLDER}\"\n  \n# Build Device and Simulator versions\nxcodebuild -target \"${PROJECT_NAME}\" BITCODE_GENERATION_MODE=bitcode OTHER_CFLAGS=\"-fembed-bitcode\" ONLY_ACTIVE_ARCH=NO -configuration ${CONFIGURATION} -sdk iphonesimulator BUILD_DIR=\"${BUILD_DIR}\" BUILD_ROOT=\"${BUILD_ROOT}\" clean build\nxcodebuild -target \"${PROJECT_NAME}\" BITCODE_GENERATION_MODE=bitcode OTHER_CFLAGS=\"-fembed-bitcode\" ONLY_ACTIVE_ARCH=NO -configuration ${CONFIGURATION} -sdk iphoneos  BUILD_DIR=\"${BUILD_DIR}\" BUILD_ROOT=\"${BUILD_ROOT}\" clean build\n  \n  \n# Copy the framework structure (from iphoneos build) to the universal folder\ncp -R \"${BUILD_DIR}/${CONFIGURATION}-iphoneos/${PROJECT_NAME}.framework\" \"${UNIVERSAL_OUTPUTFOLDER}/\"\n  \n# Copy Swift modules from iphonesimulator build (if it exists) to the copied framework directory\ncp -R \"${BUILD_DIR}/${CONFIGURATION}-iphonesimulator/${PROJECT_NAME}.framework/Modules/${PROJECT_NAME}.swiftmodule/.\" \"${UNIVERSAL_OUTPUTFOLDER}/${PROJECT_NAME}.framework/Modules/${PROJECT_NAME}.swiftmodule\"\n  \n# Create universal binary file using lipo and place the combined executable in the copied framework directory\nlipo -create \"${BUILD_DIR}/${CONFIGURATION}-iphonesimulator/${PROJECT_NAME}.framework/${PROJECT_NAME}\" \"${BUILD_DIR}/${CONFIGURATION}-iphoneos/${PROJECT_NAME}.framework/${PROJECT_NAME}\" -output \"${UNIVERSAL_OUTPUTFOLDER}/${PROJECT_NAME}.framework/${PROJECT_NAME}\"\n  \n# Copy the framework to the project directory\ncp -R \"${UNIVERSAL_OUTPUTFOLDER}/${PROJECT_NAME}.framework\" \"${PROJECT_DIR}\"\n  \n# Open the project directory in Finder\nopen \"${PROJECT_DIR}\"\n";
		};
		EE07CCF628C6F46600B33CED /* ShellScript */ = {
			isa = PBXShellScriptBuildPhase;
			buildActionMask = 2147483647;
			files = (
			);
			inputFileListPaths = (
			);
			inputPaths = (
			);
			outputFileListPaths = (
			);
			outputPaths = (
			);
			runOnlyForDeploymentPostprocessing = 0;
			shellPath = /bin/sh;
			shellScript = "# Build Device and Simulator versions\nxcodebuild archive -scheme \"${PROJECT_NAME}\" -archivePath \"${BUILD_DIR}/iphoneos.xcarchive\" -sdk iphoneos SKIP_INSTALL=NO BUILD_LIBRARY_FOR_DISTRIBUTION=YES\nxcodebuild archive -scheme \"${PROJECT_NAME}\" -archivePath \"${BUILD_DIR}/iphonesimulator.xcarchive\" -sdk iphonesimulator SKIP_INSTALL=NO BUILD_LIBRARY_FOR_DISTRIBUTION=YES\n\nxcodebuild -create-xcframework \\\n    -framework \"${BUILD_DIR}/iphoneos.xcarchive/Products/Library/Frameworks/\"${PROJECT_NAME}\".framework\" \\\n    -framework \"${BUILD_DIR}/iphonesimulator.xcarchive/Products/Library/Frameworks/\"${PROJECT_NAME}\".framework\" \\\n    -output \"${BUILD_DIR}/\"${PROJECT_NAME}\".xcframework\"\n\n    \n# Copy the xcframework to the project directory\ncp -R \"${BUILD_DIR}/\"${PROJECT_NAME}\".xcframework\" \"${PROJECT_DIR}\"\n\n# Open the project directory in Finder\nopen \"${PROJECT_DIR}\"\n";
		};
		EE07CD3828C70D4200B33CED /* Generate Apollo GraphQL API */ = {
			isa = PBXShellScriptBuildPhase;
			buildActionMask = 2147483647;
			files = (
			);
			inputFileListPaths = (
			);
			inputPaths = (
				"$(SRCROOT)/GRIGSDK/Model/Sources/**/*.graphql",
			);
			name = "Generate Apollo GraphQL API";
			outputFileListPaths = (
			);
			outputPaths = (
				"$(SRCROOT)/GRIGSDK/Request",
			);
			runOnlyForDeploymentPostprocessing = 0;
			shellPath = /bin/sh;
			shellScript = "# Don't run this during index builds\nif [ $ACTION = \"indexbuild\" ]; then exit 0; fi\n\n# Go to the build root and search up the chain to find the Derived Data Path where the source packages are checked out.\nDERIVED_DATA_CANDIDATE=\"${BUILD_ROOT}\"\n\nwhile ! [ -d \"${DERIVED_DATA_CANDIDATE}/SourcePackages\" ]; do\n  if [ \"${DERIVED_DATA_CANDIDATE}\" = / ]; then\n    echo >&2 \"error: Unable to locate SourcePackages directory from BUILD_ROOT: '${BUILD_ROOT}'\"\n    exit 1\n  fi\n\n  DERIVED_DATA_CANDIDATE=\"$(dirname \"${DERIVED_DATA_CANDIDATE}\")\"\ndone\n\n# Grab a reference to the directory where scripts are checked out\nSCRIPT_PATH=\"${DERIVED_DATA_CANDIDATE}/SourcePackages/checkouts/apollo-ios/scripts\"\n\nif [ -z \"${SCRIPT_PATH}\" ]; then\n    echo >&2 \"error: Couldn't find the CLI script in your checked out SPM packages; make sure to add the framework to your project.\"\n    exit 1\nfi\n\ncd \"${SRCROOT}/${TARGET_NAME}\"\n\"${SCRIPT_PATH}\"/run-bundled-codegen.sh codegen:generate --target=swift --includes=./Model/Sources/GRIG/*.graphql --localSchemaFile=\"grig.json\" Request/Entitiy\n\"${SCRIPT_PATH}\"/run-bundled-codegen.sh codegen:generate --target=swift --includes=./Model/Sources/Github/*.graphql --localSchemaFile=\"github.json\" Request/Entitiy\n";
		};
/* End PBXShellScriptBuildPhase section */

/* Begin PBXSourcesBuildPhase section */
		EE07CCD128C6F41900B33CED /* Sources */ = {
			isa = PBXSourcesBuildPhase;
			buildActionMask = 2147483647;
			files = (
				EEFDFF5828C8AEB40099F0A2 /* Types.graphql.swift in Sources */,
				EEFDFF5728C8AEB40099F0A2 /* GRIGEntity.graphql.swift in Sources */,
				EE3E632328CCBE9800E13E55 /* Log.swift in Sources */,
				EE9466F628C9C3A5003254B7 /* Criteria.swift in Sources */,
				EED7AAD928C9B24600BDCF24 /* GRIGClient.swift in Sources */,
				EECF160728C820C600AE3493 /* GRIGRemote.swift in Sources */,
				EEFDFF5928C8AEB40099F0A2 /* TotalContribution.graphql.swift in Sources */,
				EECF160928C8210B00AE3493 /* NetworkInterceptorProvider.swift in Sources */,
				EEFDFF5628C8AEB40099F0A2 /* GRIGGeneration.graphql.swift in Sources */,
				EEFDFF5528C8AEB40099F0A2 /* GithubUser.graphql.swift in Sources */,
				EE3E632628CCBF3D00E13E55 /* OSLogExt.swift in Sources */,
				EECF160528C820AB00AE3493 /* GithubRemote.swift in Sources */,
			);
			runOnlyForDeploymentPostprocessing = 0;
		};
		EE07CCD928C6F41900B33CED /* Sources */ = {
			isa = PBXSourcesBuildPhase;
			buildActionMask = 2147483647;
			files = (
				EE07CCE328C6F41900B33CED /* GRIGSDKTests.swift in Sources */,
			);
			runOnlyForDeploymentPostprocessing = 0;
		};
/* End PBXSourcesBuildPhase section */

/* Begin PBXTargetDependency section */
		EE07CCE028C6F41900B33CED /* PBXTargetDependency */ = {
			isa = PBXTargetDependency;
			target = EE07CCD428C6F41900B33CED /* GRIGSDK */;
			targetProxy = EE07CCDF28C6F41900B33CED /* PBXContainerItemProxy */;
		};
/* End PBXTargetDependency section */

/* Begin XCBuildConfiguration section */
		EE07CCE528C6F41900B33CED /* Debug */ = {
			isa = XCBuildConfiguration;
			buildSettings = {
				ALWAYS_SEARCH_USER_PATHS = NO;
				CLANG_ANALYZER_NONNULL = YES;
				CLANG_ANALYZER_NUMBER_OBJECT_CONVERSION = YES_AGGRESSIVE;
				CLANG_CXX_LANGUAGE_STANDARD = "gnu++17";
				CLANG_ENABLE_MODULES = YES;
				CLANG_ENABLE_OBJC_ARC = YES;
				CLANG_ENABLE_OBJC_WEAK = YES;
				CLANG_WARN_BLOCK_CAPTURE_AUTORELEASING = YES;
				CLANG_WARN_BOOL_CONVERSION = YES;
				CLANG_WARN_COMMA = YES;
				CLANG_WARN_CONSTANT_CONVERSION = YES;
				CLANG_WARN_DEPRECATED_OBJC_IMPLEMENTATIONS = YES;
				CLANG_WARN_DIRECT_OBJC_ISA_USAGE = YES_ERROR;
				CLANG_WARN_DOCUMENTATION_COMMENTS = YES;
				CLANG_WARN_EMPTY_BODY = YES;
				CLANG_WARN_ENUM_CONVERSION = YES;
				CLANG_WARN_INFINITE_RECURSION = YES;
				CLANG_WARN_INT_CONVERSION = YES;
				CLANG_WARN_NON_LITERAL_NULL_CONVERSION = YES;
				CLANG_WARN_OBJC_IMPLICIT_RETAIN_SELF = YES;
				CLANG_WARN_OBJC_LITERAL_CONVERSION = YES;
				CLANG_WARN_OBJC_ROOT_CLASS = YES_ERROR;
				CLANG_WARN_QUOTED_INCLUDE_IN_FRAMEWORK_HEADER = YES;
				CLANG_WARN_RANGE_LOOP_ANALYSIS = YES;
				CLANG_WARN_STRICT_PROTOTYPES = YES;
				CLANG_WARN_SUSPICIOUS_MOVE = YES;
				CLANG_WARN_UNGUARDED_AVAILABILITY = YES_AGGRESSIVE;
				CLANG_WARN_UNREACHABLE_CODE = YES;
				CLANG_WARN__DUPLICATE_METHOD_MATCH = YES;
				COPY_PHASE_STRIP = NO;
				CURRENT_PROJECT_VERSION = 1;
				DEBUG_INFORMATION_FORMAT = dwarf;
				ENABLE_STRICT_OBJC_MSGSEND = YES;
				ENABLE_TESTABILITY = YES;
				GCC_C_LANGUAGE_STANDARD = gnu11;
				GCC_DYNAMIC_NO_PIC = NO;
				GCC_NO_COMMON_BLOCKS = YES;
				GCC_OPTIMIZATION_LEVEL = 0;
				GCC_PREPROCESSOR_DEFINITIONS = (
					"DEBUG=1",
					"$(inherited)",
				);
				GCC_WARN_64_TO_32_BIT_CONVERSION = YES;
				GCC_WARN_ABOUT_RETURN_TYPE = YES_ERROR;
				GCC_WARN_UNDECLARED_SELECTOR = YES;
				GCC_WARN_UNINITIALIZED_AUTOS = YES_AGGRESSIVE;
				GCC_WARN_UNUSED_FUNCTION = YES;
				GCC_WARN_UNUSED_VARIABLE = YES;
				IPHONEOS_DEPLOYMENT_TARGET = 15.5;
				MTL_ENABLE_DEBUG_INFO = INCLUDE_SOURCE;
				MTL_FAST_MATH = YES;
				ONLY_ACTIVE_ARCH = YES;
				SDKROOT = iphoneos;
				SWIFT_ACTIVE_COMPILATION_CONDITIONS = DEBUG;
				SWIFT_OPTIMIZATION_LEVEL = "-Onone";
				VERSIONING_SYSTEM = "apple-generic";
				VERSION_INFO_PREFIX = "";
			};
			name = Debug;
		};
		EE07CCE628C6F41900B33CED /* Release */ = {
			isa = XCBuildConfiguration;
			buildSettings = {
				ALWAYS_SEARCH_USER_PATHS = NO;
				CLANG_ANALYZER_NONNULL = YES;
				CLANG_ANALYZER_NUMBER_OBJECT_CONVERSION = YES_AGGRESSIVE;
				CLANG_CXX_LANGUAGE_STANDARD = "gnu++17";
				CLANG_ENABLE_MODULES = YES;
				CLANG_ENABLE_OBJC_ARC = YES;
				CLANG_ENABLE_OBJC_WEAK = YES;
				CLANG_WARN_BLOCK_CAPTURE_AUTORELEASING = YES;
				CLANG_WARN_BOOL_CONVERSION = YES;
				CLANG_WARN_COMMA = YES;
				CLANG_WARN_CONSTANT_CONVERSION = YES;
				CLANG_WARN_DEPRECATED_OBJC_IMPLEMENTATIONS = YES;
				CLANG_WARN_DIRECT_OBJC_ISA_USAGE = YES_ERROR;
				CLANG_WARN_DOCUMENTATION_COMMENTS = YES;
				CLANG_WARN_EMPTY_BODY = YES;
				CLANG_WARN_ENUM_CONVERSION = YES;
				CLANG_WARN_INFINITE_RECURSION = YES;
				CLANG_WARN_INT_CONVERSION = YES;
				CLANG_WARN_NON_LITERAL_NULL_CONVERSION = YES;
				CLANG_WARN_OBJC_IMPLICIT_RETAIN_SELF = YES;
				CLANG_WARN_OBJC_LITERAL_CONVERSION = YES;
				CLANG_WARN_OBJC_ROOT_CLASS = YES_ERROR;
				CLANG_WARN_QUOTED_INCLUDE_IN_FRAMEWORK_HEADER = YES;
				CLANG_WARN_RANGE_LOOP_ANALYSIS = YES;
				CLANG_WARN_STRICT_PROTOTYPES = YES;
				CLANG_WARN_SUSPICIOUS_MOVE = YES;
				CLANG_WARN_UNGUARDED_AVAILABILITY = YES_AGGRESSIVE;
				CLANG_WARN_UNREACHABLE_CODE = YES;
				CLANG_WARN__DUPLICATE_METHOD_MATCH = YES;
				COPY_PHASE_STRIP = NO;
				CURRENT_PROJECT_VERSION = 1;
				DEBUG_INFORMATION_FORMAT = "dwarf-with-dsym";
				ENABLE_NS_ASSERTIONS = NO;
				ENABLE_STRICT_OBJC_MSGSEND = YES;
				GCC_C_LANGUAGE_STANDARD = gnu11;
				GCC_NO_COMMON_BLOCKS = YES;
				GCC_WARN_64_TO_32_BIT_CONVERSION = YES;
				GCC_WARN_ABOUT_RETURN_TYPE = YES_ERROR;
				GCC_WARN_UNDECLARED_SELECTOR = YES;
				GCC_WARN_UNINITIALIZED_AUTOS = YES_AGGRESSIVE;
				GCC_WARN_UNUSED_FUNCTION = YES;
				GCC_WARN_UNUSED_VARIABLE = YES;
				IPHONEOS_DEPLOYMENT_TARGET = 15.5;
				MTL_ENABLE_DEBUG_INFO = NO;
				MTL_FAST_MATH = YES;
				SDKROOT = iphoneos;
				SWIFT_COMPILATION_MODE = wholemodule;
				SWIFT_OPTIMIZATION_LEVEL = "-O";
				VALIDATE_PRODUCT = YES;
				VERSIONING_SYSTEM = "apple-generic";
				VERSION_INFO_PREFIX = "";
			};
			name = Release;
		};
		EE07CCE828C6F41900B33CED /* Debug */ = {
			isa = XCBuildConfiguration;
			buildSettings = {
				CLANG_ENABLE_MODULES = YES;
				CODE_SIGN_STYLE = Automatic;
				CURRENT_PROJECT_VERSION = 1;
				DEFINES_MODULE = YES;
				DEVELOPMENT_TEAM = Q2JZBR7H7Y;
				DYLIB_COMPATIBILITY_VERSION = 1;
				DYLIB_CURRENT_VERSION = 1;
				DYLIB_INSTALL_NAME_BASE = "@rpath";
				GENERATE_INFOPLIST_FILE = YES;
				INFOPLIST_KEY_NSHumanReadableCopyright = "";
				INSTALL_PATH = "$(LOCAL_LIBRARY_DIR)/Frameworks";
				LD_RUNPATH_SEARCH_PATHS = (
					"$(inherited)",
					"@executable_path/Frameworks",
					"@loader_path/Frameworks",
				);
				MARKETING_VERSION = 1.0;
				PRODUCT_BUNDLE_IDENTIFIER = JiHoonAHN.GRIGSDK;
				PRODUCT_NAME = "$(TARGET_NAME:c99extidentifier)";
				SKIP_INSTALL = YES;
				SWIFT_EMIT_LOC_STRINGS = YES;
				SWIFT_OPTIMIZATION_LEVEL = "-Onone";
				SWIFT_VERSION = 5.0;
				TARGETED_DEVICE_FAMILY = "1,2";
			};
			name = Debug;
		};
		EE07CCE928C6F41900B33CED /* Release */ = {
			isa = XCBuildConfiguration;
			buildSettings = {
				CLANG_ENABLE_MODULES = YES;
				CODE_SIGN_STYLE = Automatic;
				CURRENT_PROJECT_VERSION = 1;
				DEFINES_MODULE = YES;
				DEVELOPMENT_TEAM = Q2JZBR7H7Y;
				DYLIB_COMPATIBILITY_VERSION = 1;
				DYLIB_CURRENT_VERSION = 1;
				DYLIB_INSTALL_NAME_BASE = "@rpath";
				GENERATE_INFOPLIST_FILE = YES;
				INFOPLIST_KEY_NSHumanReadableCopyright = "";
				INSTALL_PATH = "$(LOCAL_LIBRARY_DIR)/Frameworks";
				LD_RUNPATH_SEARCH_PATHS = (
					"$(inherited)",
					"@executable_path/Frameworks",
					"@loader_path/Frameworks",
				);
				MARKETING_VERSION = 1.0;
				PRODUCT_BUNDLE_IDENTIFIER = JiHoonAHN.GRIGSDK;
				PRODUCT_NAME = "$(TARGET_NAME:c99extidentifier)";
				SKIP_INSTALL = YES;
				SWIFT_EMIT_LOC_STRINGS = YES;
				SWIFT_VERSION = 5.0;
				TARGETED_DEVICE_FAMILY = "1,2";
			};
			name = Release;
		};
		EE07CCEB28C6F41900B33CED /* Debug */ = {
			isa = XCBuildConfiguration;
			buildSettings = {
				ALWAYS_EMBED_SWIFT_STANDARD_LIBRARIES = YES;
				CODE_SIGN_STYLE = Automatic;
				CURRENT_PROJECT_VERSION = 1;
				DEVELOPMENT_TEAM = Q2JZBR7H7Y;
				GENERATE_INFOPLIST_FILE = YES;
				MARKETING_VERSION = 1.0;
				PRODUCT_BUNDLE_IDENTIFIER = JiHoonAHN.GRIGSDKTests;
				PRODUCT_NAME = "$(TARGET_NAME)";
				SWIFT_EMIT_LOC_STRINGS = NO;
				SWIFT_VERSION = 5.0;
				TARGETED_DEVICE_FAMILY = "1,2";
			};
			name = Debug;
		};
		EE07CCEC28C6F41900B33CED /* Release */ = {
			isa = XCBuildConfiguration;
			buildSettings = {
				ALWAYS_EMBED_SWIFT_STANDARD_LIBRARIES = YES;
				CODE_SIGN_STYLE = Automatic;
				CURRENT_PROJECT_VERSION = 1;
				DEVELOPMENT_TEAM = Q2JZBR7H7Y;
				GENERATE_INFOPLIST_FILE = YES;
				MARKETING_VERSION = 1.0;
				PRODUCT_BUNDLE_IDENTIFIER = JiHoonAHN.GRIGSDKTests;
				PRODUCT_NAME = "$(TARGET_NAME)";
				SWIFT_EMIT_LOC_STRINGS = NO;
				SWIFT_VERSION = 5.0;
				TARGETED_DEVICE_FAMILY = "1,2";
			};
			name = Release;
		};
		EE07CCEF28C6F42C00B33CED /* Debug */ = {
			isa = XCBuildConfiguration;
			buildSettings = {
				CODE_SIGN_STYLE = Automatic;
				DEVELOPMENT_TEAM = Q2JZBR7H7Y;
				PRODUCT_NAME = "$(TARGET_NAME)";
			};
			name = Debug;
		};
		EE07CCF028C6F42C00B33CED /* Release */ = {
			isa = XCBuildConfiguration;
			buildSettings = {
				CODE_SIGN_STYLE = Automatic;
				DEVELOPMENT_TEAM = Q2JZBR7H7Y;
				PRODUCT_NAME = "$(TARGET_NAME)";
			};
			name = Release;
		};
		EE07CCF328C6F44200B33CED /* Debug */ = {
			isa = XCBuildConfiguration;
			buildSettings = {
				CODE_SIGN_STYLE = Automatic;
				DEVELOPMENT_TEAM = Q2JZBR7H7Y;
				PRODUCT_NAME = "$(TARGET_NAME)";
			};
			name = Debug;
		};
		EE07CCF428C6F44200B33CED /* Release */ = {
			isa = XCBuildConfiguration;
			buildSettings = {
				CODE_SIGN_STYLE = Automatic;
				DEVELOPMENT_TEAM = Q2JZBR7H7Y;
				PRODUCT_NAME = "$(TARGET_NAME)";
			};
			name = Release;
		};
/* End XCBuildConfiguration section */

/* Begin XCConfigurationList section */
		EE07CCCF28C6F41900B33CED /* Build configuration list for PBXProject "GRIGSDK" */ = {
			isa = XCConfigurationList;
			buildConfigurations = (
				EE07CCE528C6F41900B33CED /* Debug */,
				EE07CCE628C6F41900B33CED /* Release */,
			);
			defaultConfigurationIsVisible = 0;
			defaultConfigurationName = Release;
		};
		EE07CCE728C6F41900B33CED /* Build configuration list for PBXNativeTarget "GRIGSDK" */ = {
			isa = XCConfigurationList;
			buildConfigurations = (
				EE07CCE828C6F41900B33CED /* Debug */,
				EE07CCE928C6F41900B33CED /* Release */,
			);
			defaultConfigurationIsVisible = 0;
			defaultConfigurationName = Release;
		};
		EE07CCEA28C6F41900B33CED /* Build configuration list for PBXNativeTarget "GRIGSDKTests" */ = {
			isa = XCConfigurationList;
			buildConfigurations = (
				EE07CCEB28C6F41900B33CED /* Debug */,
				EE07CCEC28C6F41900B33CED /* Release */,
			);
			defaultConfigurationIsVisible = 0;
			defaultConfigurationName = Release;
		};
		EE07CCEE28C6F42C00B33CED /* Build configuration list for PBXAggregateTarget "Universal_GRIG_XCFramework" */ = {
			isa = XCConfigurationList;
			buildConfigurations = (
				EE07CCEF28C6F42C00B33CED /* Debug */,
				EE07CCF028C6F42C00B33CED /* Release */,
			);
			defaultConfigurationIsVisible = 0;
			defaultConfigurationName = Release;
		};
		EE07CCF228C6F44200B33CED /* Build configuration list for PBXAggregateTarget "Universal_GRIG_Framework" */ = {
			isa = XCConfigurationList;
			buildConfigurations = (
				EE07CCF328C6F44200B33CED /* Debug */,
				EE07CCF428C6F44200B33CED /* Release */,
			);
			defaultConfigurationIsVisible = 0;
			defaultConfigurationName = Release;
		};
/* End XCConfigurationList section */

/* Begin XCRemoteSwiftPackageReference section */
		EE07CCFE28C6F70000B33CED /* XCRemoteSwiftPackageReference "apollo-ios" */ = {
			isa = XCRemoteSwiftPackageReference;
			repositoryURL = "https://github.com/apollographql/apollo-ios";
			requirement = {
				kind = upToNextMajorVersion;
				minimumVersion = 0.9.5;
			};
		};
/* End XCRemoteSwiftPackageReference section */

/* Begin XCSwiftPackageProductDependency section */
		EE07CCFF28C6F70000B33CED /* Apollo */ = {
			isa = XCSwiftPackageProductDependency;
			package = EE07CCFE28C6F70000B33CED /* XCRemoteSwiftPackageReference "apollo-ios" */;
			productName = Apollo;
		};
		EE07CD0128C6F70000B33CED /* ApolloAPI */ = {
			isa = XCSwiftPackageProductDependency;
			package = EE07CCFE28C6F70000B33CED /* XCRemoteSwiftPackageReference "apollo-ios" */;
			productName = ApolloAPI;
		};
/* End XCSwiftPackageProductDependency section */
	};
	rootObject = EE07CCCC28C6F41900B33CED /* Project object */;
}
